// !$*UTF8*$!
{
	archiveVersion = 1;
	classes = {
	};
	objectVersion = 46;
	objects = {

/* Begin PBXBuildFile section */
		1891AAA11C60A47800CAC4F2 /* main.m in Sources */ = {isa = PBXBuildFile; fileRef = 1891AAA01C60A47800CAC4F2 /* main.m */; };
		1891AAA41C60A47800CAC4F2 /* AppDelegate.m in Sources */ = {isa = PBXBuildFile; fileRef = 1891AAA31C60A47800CAC4F2 /* AppDelegate.m */; };
		1891AAAA1C60A47800CAC4F2 /* Main.storyboard in Resources */ = {isa = PBXBuildFile; fileRef = 1891AAA81C60A47800CAC4F2 /* Main.storyboard */; };
		1891AAAC1C60A47800CAC4F2 /* Assets.xcassets in Resources */ = {isa = PBXBuildFile; fileRef = 1891AAAB1C60A47800CAC4F2 /* Assets.xcassets */; };
		1891AAAF1C60A47800CAC4F2 /* LaunchScreen.storyboard in Resources */ = {isa = PBXBuildFile; fileRef = 1891AAAD1C60A47800CAC4F2 /* LaunchScreen.storyboard */; };
		1891AABD1C60A51900CAC4F2 /* UIViewController+SkyLogInDealloc.m in Sources */ = {isa = PBXBuildFile; fileRef = 1891AABC1C60A51900CAC4F2 /* UIViewController+SkyLogInDealloc.m */; };
		1891AAC01C60A58D00CAC4F2 /* VC_1.m in Sources */ = {isa = PBXBuildFile; fileRef = 1891AABF1C60A58D00CAC4F2 /* VC_1.m */; };
		1891AAC31C60A59700CAC4F2 /* VC_2.m in Sources */ = {isa = PBXBuildFile; fileRef = 1891AAC21C60A59700CAC4F2 /* VC_2.m */; };
		1891AAC61C60A5AD00CAC4F2 /* VC_0.m in Sources */ = {isa = PBXBuildFile; fileRef = 1891AAC51C60A5AD00CAC4F2 /* VC_0.m */; };
/* End PBXBuildFile section */

/* Begin PBXFileReference section */
		1891AA9C1C60A47800CAC4F2 /* SkyLogInDeallocTest.app */ = {isa = PBXFileReference; explicitFileType = wrapper.application; includeInIndex = 0; path = SkyLogInDeallocTest.app; sourceTree = BUILT_PRODUCTS_DIR; };
		1891AAA01C60A47800CAC4F2 /* main.m */ = {isa = PBXFileReference; lastKnownFileType = sourcecode.c.objc; path = main.m; sourceTree = "<group>"; };
		1891AAA21C60A47800CAC4F2 /* AppDelegate.h */ = {isa = PBXFileReference; lastKnownFileType = sourcecode.c.h; path = AppDelegate.h; sourceTree = "<group>"; };
		1891AAA31C60A47800CAC4F2 /* AppDelegate.m */ = {isa = PBXFileReference; lastKnownFileType = sourcecode.c.objc; path = AppDelegate.m; sourceTree = "<group>"; };
		1891AAA91C60A47800CAC4F2 /* Base */ = {isa = PBXFileReference; lastKnownFileType = file.storyboard; name = Base; path = Base.lproj/Main.storyboard; sourceTree = "<group>"; };
		1891AAAB1C60A47800CAC4F2 /* Assets.xcassets */ = {isa = PBXFileReference; lastKnownFileType = folder.assetcatalog; path = Assets.xcassets; sourceTree = "<group>"; };
		1891AAAE1C60A47800CAC4F2 /* Base */ = {isa = PBXFileReference; lastKnownFileType = file.storyboard; name = Base; path = Base.lproj/LaunchScreen.storyboard; sourceTree = "<group>"; };
		1891AAB01C60A47800CAC4F2 /* Info.plist */ = {isa = PBXFileReference; lastKnownFileType = text.plist.xml; path = Info.plist; sourceTree = "<group>"; };
		1891AABB1C60A51900CAC4F2 /* UIViewController+SkyLogInDealloc.h */ = {isa = PBXFileReference; fileEncoding = 4; lastKnownFileType = sourcecode.c.h; path = "UIViewController+SkyLogInDealloc.h"; sourceTree = "<group>"; };
		1891AABC1C60A51900CAC4F2 /* UIViewController+SkyLogInDealloc.m */ = {isa = PBXFileReference; fileEncoding = 4; lastKnownFileType = sourcecode.c.objc; path = "UIViewController+SkyLogInDealloc.m"; sourceTree = "<group>"; };
		1891AABE1C60A58D00CAC4F2 /* VC_1.h */ = {isa = PBXFileReference; fileEncoding = 4; lastKnownFileType = sourcecode.c.h; path = VC_1.h; sourceTree = "<group>"; };
		1891AABF1C60A58D00CAC4F2 /* VC_1.m */ = {isa = PBXFileReference; fileEncoding = 4; lastKnownFileType = sourcecode.c.objc; path = VC_1.m; sourceTree = "<group>"; };
		1891AAC11C60A59700CAC4F2 /* VC_2.h */ = {isa = PBXFileReference; fileEncoding = 4; lastKnownFileType = sourcecode.c.h; path = VC_2.h; sourceTree = "<group>"; };
		1891AAC21C60A59700CAC4F2 /* VC_2.m */ = {isa = PBXFileReference; fileEncoding = 4; lastKnownFileType = sourcecode.c.objc; path = VC_2.m; sourceTree = "<group>"; };
		1891AAC41C60A5AD00CAC4F2 /* VC_0.h */ = {isa = PBXFileReference; fileEncoding = 4; lastKnownFileType = sourcecode.c.h; path = VC_0.h; sourceTree = "<group>"; };
		1891AAC51C60A5AD00CAC4F2 /* VC_0.m */ = {isa = PBXFileReference; fileEncoding = 4; lastKnownFileType = sourcecode.c.objc; path = VC_0.m; sourceTree = "<group>"; };
/* End PBXFileReference section */

/* Begin PBXFrameworksBuildPhase section */
		1891AA991C60A47800CAC4F2 /* Frameworks */ = {
			isa = PBXFrameworksBuildPhase;
			buildActionMask = 2147483647;
			files = (
			);
			runOnlyForDeploymentPostprocessing = 0;
		};
/* End PBXFrameworksBuildPhase section */

/* Begin PBXGroup section */
		1891AA931C60A47800CAC4F2 = {
			isa = PBXGroup;
			children = (
				1891AA9E1C60A47800CAC4F2 /* SkyLogInDeallocTest */,
				1891AA9D1C60A47800CAC4F2 /* Products */,
			);
			sourceTree = "<group>";
		};
		1891AA9D1C60A47800CAC4F2 /* Products */ = {
			isa = PBXGroup;
			children = (
				1891AA9C1C60A47800CAC4F2 /* SkyLogInDeallocTest.app */,
			);
			name = Products;
			sourceTree = "<group>";
		};
		1891AA9E1C60A47800CAC4F2 /* SkyLogInDeallocTest */ = {
			isa = PBXGroup;
			children = (
				1891AAB61C60A4DE00CAC4F2 /* Category */,
				1891AAA21C60A47800CAC4F2 /* AppDelegate.h */,
				1891AAA31C60A47800CAC4F2 /* AppDelegate.m */,
				1891AAC41C60A5AD00CAC4F2 /* VC_0.h */,
				1891AAC51C60A5AD00CAC4F2 /* VC_0.m */,
				1891AABE1C60A58D00CAC4F2 /* VC_1.h */,
				1891AABF1C60A58D00CAC4F2 /* VC_1.m */,
				1891AAC11C60A59700CAC4F2 /* VC_2.h */,
				1891AAC21C60A59700CAC4F2 /* VC_2.m */,
				1891AAA81C60A47800CAC4F2 /* Main.storyboard */,
				1891AAAB1C60A47800CAC4F2 /* Assets.xcassets */,
				1891AAAD1C60A47800CAC4F2 /* LaunchScreen.storyboard */,
				1891AAB01C60A47800CAC4F2 /* Info.plist */,
				1891AA9F1C60A47800CAC4F2 /* Supporting Files */,
			);
			path = SkyLogInDeallocTest;
			sourceTree = "<group>";
		};
		1891AA9F1C60A47800CAC4F2 /* Supporting Files */ = {
			isa = PBXGroup;
			children = (
				1891AAA01C60A47800CAC4F2 /* main.m */,
			);
			name = "Supporting Files";
			sourceTree = "<group>";
		};
		1891AAB61C60A4DE00CAC4F2 /* Category */ = {
			isa = PBXGroup;
			children = (
				1891AABA1C60A51900CAC4F2 /* UIViewController+SkyLogInDealloc */,
			);
			name = Category;
			sourceTree = "<group>";
		};
		1891AABA1C60A51900CAC4F2 /* UIViewController+SkyLogInDealloc */ = {
			isa = PBXGroup;
			children = (
				1891AABB1C60A51900CAC4F2 /* UIViewController+SkyLogInDealloc.h */,
				1891AABC1C60A51900CAC4F2 /* UIViewController+SkyLogInDealloc.m */,
			);
			name = "UIViewController+SkyLogInDealloc";
			path = "../../src/UIViewController+SkyLogInDealloc";
			sourceTree = "<group>";
		};
/* End PBXGroup section */

/* Begin PBXNativeTarget section */
		1891AA9B1C60A47800CAC4F2 /* SkyLogInDeallocTest */ = {
			isa = PBXNativeTarget;
			buildConfigurationList = 1891AAB31C60A47800CAC4F2 /* Build configuration list for PBXNativeTarget "SkyLogInDeallocTest" */;
			buildPhases = (
				1891AA981C60A47800CAC4F2 /* Sources */,
				1891AA991C60A47800CAC4F2 /* Frameworks */,
				1891AA9A1C60A47800CAC4F2 /* Resources */,
			);
			buildRules = (
			);
			dependencies = (
			);
			name = SkyLogInDeallocTest;
			productName = SkyLogInDeallocTest;
			productReference = 1891AA9C1C60A47800CAC4F2 /* SkyLogInDeallocTest.app */;
			productType = "com.apple.product-type.application";
		};
/* End PBXNativeTarget section */

/* Begin PBXProject section */
		1891AA941C60A47800CAC4F2 /* Project object */ = {
			isa = PBXProject;
			attributes = {
				LastUpgradeCheck = 0730;
				ORGANIZATIONNAME = skytoup;
				TargetAttributes = {
					1891AA9B1C60A47800CAC4F2 = {
						CreatedOnToolsVersion = 7.3;
					};
				};
			};
			buildConfigurationList = 1891AA971C60A47800CAC4F2 /* Build configuration list for PBXProject "SkyLogInDeallocTest" */;
			compatibilityVersion = "Xcode 3.2";
			developmentRegion = English;
			hasScannedForEncodings = 0;
			knownRegions = (
				en,
				Base,
			);
			mainGroup = 1891AA931C60A47800CAC4F2;
			productRefGroup = 1891AA9D1C60A47800CAC4F2 /* Products */;
			projectDirPath = "";
			projectRoot = "";
			targets = (
				1891AA9B1C60A47800CAC4F2 /* SkyLogInDeallocTest */,
			);
		};
/* End PBXProject section */

/* Begin PBXResourcesBuildPhase section */
		1891AA9A1C60A47800CAC4F2 /* Resources */ = {
			isa = PBXResourcesBuildPhase;
			buildActionMask = 2147483647;
			files = (
				1891AAAF1C60A47800CAC4F2 /* LaunchScreen.storyboard in Resources */,
				1891AAAC1C60A47800CAC4F2 /* Assets.xcassets in Resources */,
				1891AAAA1C60A47800CAC4F2 /* Main.storyboard in Resources */,
			);
			runOnlyForDeploymentPostprocessing = 0;
		};
/* End PBXResourcesBuildPhase section */

/* Begin PBXSourcesBuildPhase section */
		1891AA981C60A47800CAC4F2 /* Sources */ = {
			isa = PBXSourcesBuildPhase;
			buildActionMask = 2147483647;
			files = (
				1891AAC31C60A59700CAC4F2 /* VC_2.m in Sources */,
				1891AABD1C60A51900CAC4F2 /* UIViewController+SkyLogInDealloc.m in Sources */,
				1891AAA41C60A47800CAC4F2 /* AppDelegate.m in Sources */,
				1891AAC61C60A5AD00CAC4F2 /* VC_0.m in Sources */,
				1891AAC01C60A58D00CAC4F2 /* VC_1.m in Sources */,
				1891AAA11C60A47800CAC4F2 /* main.m in Sources */,
			);
			runOnlyForDeploymentPostprocessing = 0;
		};
/* End PBXSourcesBuildPhase section */

/* Begin PBXVariantGroup section */
		1891AAA81C60A47800CAC4F2 /* Main.storyboard */ = {
			isa = PBXVariantGroup;
			children = (
				1891AAA91C60A47800CAC4F2 /* Base */,
			);
			name = Main.storyboard;
			sourceTree = "<group>";
		};
		1891AAAD1C60A47800CAC4F2 /* LaunchScreen.storyboard */ = {
			isa = PBXVariantGroup;
			children = (
				1891AAAE1C60A47800CAC4F2 /* Base */,
			);
			name = LaunchScreen.storyboard;
			sourceTree = "<group>";
		};
/* End PBXVariantGroup section */

/* Begin XCBuildConfiguration section */
		1891AAB11C60A47800CAC4F2 /* Debug */ = {
			isa = XCBuildConfiguration;
			buildSettings = {
				ALWAYS_SEARCH_USER_PATHS = NO;
				CLANG_CXX_LANGUAGE_STANDARD = "gnu++0x";
				CLANG_CXX_LIBRARY = "libc++";
				CLANG_ENABLE_MODULES = YES;
				CLANG_ENABLE_OBJC_ARC = YES;
				CLANG_WARN_BOOL_CONVERSION = YES;
				CLANG_WARN_CONSTANT_CONVERSION = YES;
				CLANG_WARN_DIRECT_OBJC_ISA_USAGE = YES_ERROR;
				CLANG_WARN_EMPTY_BODY = YES;
				CLANG_WARN_ENUM_CONVERSION = YES;
				CLANG_WARN_INT_CONVERSION = YES;
				CLANG_WARN_OBJC_ROOT_CLASS = YES_ERROR;
				CLANG_WARN_UNREACHABLE_CODE = YES;
				CLANG_WARN__DUPLICATE_METHOD_MATCH = YES;
				"CODE_SIGN_IDENTITY[sdk=iphoneos*]" = "iPhone Developer";
				COPY_PHASE_STRIP = NO;
				DEBUG_INFORMATION_FORMAT = dwarf;
				ENABLE_STRICT_OBJC_MSGSEND = YES;
				ENABLE_TESTABILITY = YES;
				GCC_C_LANGUAGE_STANDARD = gnu99;
				GCC_DYNAMIC_NO_PIC = NO;
				GCC_NO_COMMON_BLOCKS = YES;
				GCC_OPTIMIZATION_LEVEL = 0;
				GCC_PREPROCESSOR_DEFINITIONS = (
					"DEBUG=1",
					"$(inherited)",
				);
				GCC_WARN_64_TO_32_BIT_CONVERSION = YES;
				GCC_WARN_ABOUT_RETURN_TYPE = YES_ERROR;
				GCC_WARN_UNDECLARED_SELECTOR = YES;
				GCC_WARN_UNINITIALIZED_AUTOS = YES_AGGRESSIVE;
				GCC_WARN_UNUSED_FUNCTION = YES;
				GCC_WARN_UNUSED_VARIABLE = YES;
				IPHONEOS_DEPLOYMENT_TARGET = 9.3;
				MTL_ENABLE_DEBUG_INFO = YES;
				ONLY_ACTIVE_ARCH = YES;
				SDKROOT = iphoneos;
			};
			name = Debug;
		};
		1891AAB21C60A47800CAC4F2 /* Release */ = {
			isa = XCBuildConfiguration;
			buildSettings = {
				ALWAYS_SEARCH_USER_PATHS = NO;
				CLANG_CXX_LANGUAGE_STANDARD = "gnu++0x";
				CLANG_CXX_LIBRARY = "libc++";
				CLANG_ENABLE_MODULES = YES;
				CLANG_ENABLE_OBJC_ARC = YES;
				CLANG_WARN_BOOL_CONVERSION = YES;
				CLANG_WARN_CONSTANT_CONVERSION = YES;
				CLANG_WARN_DIRECT_OBJC_ISA_USAGE = YES_ERROR;
				CLANG_WARN_EMPTY_BODY = YES;
				CLANG_WARN_ENUM_CONVERSION = YES;
				CLANG_WARN_INT_CONVERSION = YES;
				CLANG_WARN_OBJC_ROOT_CLASS = YES_ERROR;
				CLANG_WARN_UNREACHABLE_CODE = YES;
				CLANG_WARN__DUPLICATE_METHOD_MATCH = YES;
				"CODE_SIGN_IDENTITY[sdk=iphoneos*]" = "iPhone Developer";
				COPY_PHASE_STRIP = NO;
				DEBUG_INFORMATION_FORMAT = "dwarf-with-dsym";
				ENABLE_NS_ASSERTIONS = NO;
				ENABLE_STRICT_OBJC_MSGSEND = YES;
				GCC_C_LANGUAGE_STANDARD = gnu99;
				GCC_NO_COMMON_BLOCKS = YES;
				GCC_WARN_64_TO_32_BIT_CONVERSION = YES;
				GCC_WARN_ABOUT_RETURN_TYPE = YES_ERROR;
				GCC_WARN_UNDECLARED_SELECTOR = YES;
				GCC_WARN_UNINITIALIZED_AUTOS = YES_AGGRESSIVE;
				GCC_WARN_UNUSED_FUNCTION = YES;
				GCC_WARN_UNUSED_VARIABLE = YES;
				IPHONEOS_DEPLOYMENT_TARGET = 9.3;
				MTL_ENABLE_DEBUG_INFO = NO;
				SDKROOT = iphoneos;
				VALIDATE_PRODUCT = YES;
			};
			name = Release;
		};
		1891AAB41C60A47800CAC4F2 /* Debug */ = {
			isa = XCBuildConfiguration;
			buildSettings = {
				ASSETCATALOG_COMPILER_APPICON_NAME = AppIcon;
				INFOPLIST_FILE = SkyLogInDeallocTest/Info.plist;
				IPHONEOS_DEPLOYMENT_TARGET = 7.0;
				LD_RUNPATH_SEARCH_PATHS = "$(inherited) @executable_path/Frameworks";
				PRODUCT_BUNDLE_IDENTIFIER = com.skytoup.SkyLogInDeallocTest;
				PRODUCT_NAME = "$(TARGET_NAME)";
			};
			name = Debug;
		};
		1891AAB51C60A47800CAC4F2 /* Release */ = {
			isa = XCBuildConfiguration;
			buildSettings = {
				ASSETCATALOG_COMPILER_APPICON_NAME = AppIcon;
				INFOPLIST_FILE = SkyLogInDeallocTest/Info.plist;
				IPHONEOS_DEPLOYMENT_TARGET = 7.0;
				LD_RUNPATH_SEARCH_PATHS = "$(inherited) @executable_path/Frameworks";
				PRODUCT_BUNDLE_IDENTIFIER = com.skytoup.SkyLogInDeallocTest;
				PRODUCT_NAME = "$(TARGET_NAME)";
			};
			name = Release;
		};
/* End XCBuildConfiguration section */

/* Begin XCConfigurationList section */
		1891AA971C60A47800CAC4F2 /* Build configuration list for PBXProject "SkyLogInDeallocTest" */ = {
			isa = XCConfigurationList;
			buildConfigurations = (
				1891AAB11C60A47800CAC4F2 /* Debug */,
				1891AAB21C60A47800CAC4F2 /* Release */,
			);
			defaultConfigurationIsVisible = 0;
			defaultConfigurationName = Release;
		};
		1891AAB31C60A47800CAC4F2 /* Build configuration list for PBXNativeTarget "SkyLogInDeallocTest" */ = {
			isa = XCConfigurationList;
			buildConfigurations = (
				1891AAB41C60A47800CAC4F2 /* Debug */,
				1891AAB51C60A47800CAC4F2 /* Release */,
			);
			defaultConfigurationIsVisible = 0;
		};
/* End XCConfigurationList section */
	};
	rootObject = 1891AA941C60A47800CAC4F2 /* Project object */;
}
